{
  "version": "2",
  "remote": {
    "https://cdn.skypack.dev/-/tweetnacl@v1.0.3-G4yM3nQ8lnXXlGGQADqJ/dist=es2019,mode=imports/optimized/tweetnacl.js": "d26554516df57e5cb58954e90c633c8871b4e66016b9fe4e07a36db5430bc8c7",
    "https://cdn.skypack.dev/-/tweetnacl@v1.0.3-G4yM3nQ8lnXXlGGQADqJ/dist=es2019,mode=types/nacl.d.ts": "60592f5ae1b739c9607a99895d4a3ad5c865b16903e4180e50b256e360a4a104",
    "https://cdn.skypack.dev/tweetnacl@v1.0.3?dts": "6610aad2ac175c2d575995fc7de8ed552c2e5e05aef80ed8588cf3c6e2db61d7",
    "https://deno.land/std@0.163.0/dotenv/mod.ts": "b149416f0daa0361873097495d16adbb321b8bcb594dcc5cdb6bf9639fd173fd",
    "https://deno.land/std@0.163.0/dotenv/util.ts": "6cc392f087577a26a27f0463f77cc0c31a390aa055917099935b36eb2454592d",
    "https://deno.land/std@0.167.0/_util/asserts.ts": "d0844e9b62510f89ce1f9878b046f6a57bf88f208a10304aab50efcb48365272",
    "https://deno.land/std@0.167.0/_util/os.ts": "8a33345f74990e627b9dfe2de9b040004b08ea5146c7c9e8fe9a29070d193934",
    "https://deno.land/std@0.167.0/path/_constants.ts": "df1db3ffa6dd6d1252cc9617e5d72165cd2483df90e93833e13580687b6083c3",
    "https://deno.land/std@0.167.0/path/_interface.ts": "ee3b431a336b80cf445441109d089b70d87d5e248f4f90ff906820889ecf8d09",
    "https://deno.land/std@0.167.0/path/_util.ts": "d16be2a16e1204b65f9d0dfc54a9bc472cafe5f4a190b3c8471ec2016ccd1677",
    "https://deno.land/std@0.167.0/path/common.ts": "bee563630abd2d97f99d83c96c2fa0cca7cee103e8cb4e7699ec4d5db7bd2633",
    "https://deno.land/std@0.167.0/path/glob.ts": "81cc6c72be002cd546c7a22d1f263f82f63f37fe0035d9726aa96fc8f6e4afa1",
    "https://deno.land/std@0.167.0/path/mod.ts": "cf7cec7ac11b7048bb66af8ae03513e66595c279c65cfa12bfc07d9599608b78",
    "https://deno.land/std@0.167.0/path/posix.ts": "b859684bc4d80edfd4cad0a82371b50c716330bed51143d6dcdbe59e6278b30c",
    "https://deno.land/std@0.167.0/path/separator.ts": "fe1816cb765a8068afb3e8f13ad272351c85cbc739af56dacfc7d93d710fe0f9",
    "https://deno.land/std@0.167.0/path/win32.ts": "7cebd2bda6657371adc00061a1d23fdd87bcdf64b4843bb148b0b24c11b40f69",
    "https://deno.land/x/discord_api_types@0.37.17/gateway/common.ts": "fb67003adda424df76c2726e0624d709c5a16e3694d6b75facd587d121fe121f",
    "https://deno.land/x/discord_api_types@0.37.17/gateway/v10.ts": "a93a8e89a34a02bd36681900bf66734943f2179d79244211061d07267da6b31b",
    "https://deno.land/x/discord_api_types@0.37.17/globals.ts": "687dfae80127f0e5a2baf474f668a85556a42920887bad631f5f154ef008080f",
    "https://deno.land/x/discord_api_types@0.37.17/payloads/common.ts": "fc1881720ef1efbd647b1942de32f4b881ac8931a077aece6f44fce02ead5c2a",
    "https://deno.land/x/discord_api_types@0.37.17/payloads/v10/_interactions/_applicationCommands/_chatInput/attachment.ts": "2d1749a0154a0c6d679c82043ab578883a6c80c0e1d705b9d3f0fe8ab0fe6f7e",
    "https://deno.land/x/discord_api_types@0.37.17/payloads/v10/_interactions/_applicationCommands/_chatInput/base.ts": "12bbac2df9a7ecf2421c3487a0c97fdad1d9fa3e21758b4f07bfc6d7783cc718",
    "https://deno.land/x/discord_api_types@0.37.17/payloads/v10/_interactions/_applicationCommands/_chatInput/boolean.ts": "65e29561b61785ca4ede4b1b4a88c5fc0696cfdf1fa74d5197588c196ee7ae98",
    "https://deno.land/x/discord_api_types@0.37.17/payloads/v10/_interactions/_applicationCommands/_chatInput/channel.ts": "240849fada5b367d586bd800314c5f8438761532b1d34226df20f7047aecea36",
    "https://deno.land/x/discord_api_types@0.37.17/payloads/v10/_interactions/_applicationCommands/_chatInput/integer.ts": "a25d24a3e54d647c7039b99e3208fc0fc2228d174f6dcc421e93919b8154a011",
    "https://deno.land/x/discord_api_types@0.37.17/payloads/v10/_interactions/_applicationCommands/_chatInput/mentionable.ts": "406c8ebb981cc691607caf1d841d989abbd5b15f779a5f1f8aab273926d92b74",
    "https://deno.land/x/discord_api_types@0.37.17/payloads/v10/_interactions/_applicationCommands/_chatInput/number.ts": "be974ea68f5fdf55d7a7f5d3faf48a3193777d432b1aa9087afc204bcb916284",
    "https://deno.land/x/discord_api_types@0.37.17/payloads/v10/_interactions/_applicationCommands/_chatInput/role.ts": "af60bd57e215373dbb08350304987fc1cc472d3bb1e0656f95de2d8bdb5399c8",
    "https://deno.land/x/discord_api_types@0.37.17/payloads/v10/_interactions/_applicationCommands/_chatInput/shared.ts": "9e2d3b3530280f6de5f9b6de1bb81e8a905998e058f784a9b041e48a96cd93d2",
    "https://deno.land/x/discord_api_types@0.37.17/payloads/v10/_interactions/_applicationCommands/_chatInput/string.ts": "33ab12dab64544a70729b9b66b5a9790964ea779f05d4ab1a1e190e7c1b59e98",
    "https://deno.land/x/discord_api_types@0.37.17/payloads/v10/_interactions/_applicationCommands/_chatInput/subcommand.ts": "265a3b433d7635bfbeca8a1aef9c19de63c349da43c56d93ac52f1a352909a4f",
    "https://deno.land/x/discord_api_types@0.37.17/payloads/v10/_interactions/_applicationCommands/_chatInput/subcommandGroup.ts": "db5cc701bcb3d68c094de409da39c9a2b8834dc0d5038e5f963c96e5eaf412ac",
    "https://deno.land/x/discord_api_types@0.37.17/payloads/v10/_interactions/_applicationCommands/_chatInput/user.ts": "ba058577256522aa72ff14e2ad0851ae6029be282f1b3ad39e772189626a3646",
    "https://deno.land/x/discord_api_types@0.37.17/payloads/v10/_interactions/_applicationCommands/chatInput.ts": "36bbf210f205fc97f19abd73bf5cf88846c682ed88e49f53c72318522b55c8cc",
    "https://deno.land/x/discord_api_types@0.37.17/payloads/v10/_interactions/_applicationCommands/contextMenu.ts": "a56632f53b22bbed4bb6c483a3ca40cde137173c6fd82558bc2f5020bbcc8ca0",
    "https://deno.land/x/discord_api_types@0.37.17/payloads/v10/_interactions/_applicationCommands/internals.ts": "5eb5ea13a1247c73c0611886dea09ab8d632a9c5555ff0f33d44cd379fd75a08",
    "https://deno.land/x/discord_api_types@0.37.17/payloads/v10/_interactions/_applicationCommands/permissions.ts": "77e616fc4d0dbef7867e30203616228ca9f33567ecdce6c8b067b2d89f8468da",
    "https://deno.land/x/discord_api_types@0.37.17/payloads/v10/_interactions/applicationCommands.ts": "618bd48042f434205094d540c25482cfa05abdb052da1c48399e0c139a7890fc",
    "https://deno.land/x/discord_api_types@0.37.17/payloads/v10/_interactions/autocomplete.ts": "821ae50ff9845cac4b03169dbd4c4b187d8399765eb1f0d658d477c68e4c6136",
    "https://deno.land/x/discord_api_types@0.37.17/payloads/v10/_interactions/base.ts": "0f6a7151e3a832e364c85e846fe65475d10da6b1e26bee2a752af222857f59cd",
    "https://deno.land/x/discord_api_types@0.37.17/payloads/v10/_interactions/messageComponents.ts": "e21070214b5a8897bee6c754cf01cd42e10f6e6f4e88f50cc043919531dc5b96",
    "https://deno.land/x/discord_api_types@0.37.17/payloads/v10/_interactions/modalSubmit.ts": "3a02d2d7df5bcdb1ffcd089f15e0d82ab65dcc0cefa904c6e0621f46edac041e",
    "https://deno.land/x/discord_api_types@0.37.17/payloads/v10/_interactions/ping.ts": "096ce582e9af373649fd5355cccd7424adceaffb73367b5301f1594ef5a3c264",
    "https://deno.land/x/discord_api_types@0.37.17/payloads/v10/_interactions/responses.ts": "7c3e747b6d8ac612a2201b73303614ffb89153132db63dc6ebf990a8d6fb67c3",
    "https://deno.land/x/discord_api_types@0.37.17/payloads/v10/application.ts": "a0531f368bf8f4d14ab7467ba1989f089902e6533b7c602bb50eaa21107d3000",
    "https://deno.land/x/discord_api_types@0.37.17/payloads/v10/auditLog.ts": "154f0ee3c9506fc98cba43148ed3f077b5e0251d98729e717940ca4603bdac3a",
    "https://deno.land/x/discord_api_types@0.37.17/payloads/v10/autoModeration.ts": "b9cc1fc7db48b541952c113575aaf4fdcc0f875e64398a80cf285ca941cb9bb9",
    "https://deno.land/x/discord_api_types@0.37.17/payloads/v10/channel.ts": "d9a0e41c08e0869832102370a15941bf7c70392a79a74b1e24500cfea8ded5d5",
    "https://deno.land/x/discord_api_types@0.37.17/payloads/v10/emoji.ts": "f08356a5bce18c4c58745f6bfb2674c6b4afa8c0b28cdbcf6e839c82d8daee0a",
    "https://deno.land/x/discord_api_types@0.37.17/payloads/v10/gateway.ts": "b3205a480094487b7804e09d66f670a85fb5e5736386f27b7cefe6f502a064ee",
    "https://deno.land/x/discord_api_types@0.37.17/payloads/v10/guild.ts": "7ab874eb1e73c50ea2d9203f436741988785fe3d64a914b00b9cae196a357894",
    "https://deno.land/x/discord_api_types@0.37.17/payloads/v10/guildScheduledEvent.ts": "a9784f2eabc0da60cdb6d2fbf3afc448825689c2f4f7df043bbe0624ad38bc3b",
    "https://deno.land/x/discord_api_types@0.37.17/payloads/v10/interactions.ts": "17dabe94016dad3d0d7fdc0aa812bf5b0b366465dd72cd0b01168880778cc60d",
    "https://deno.land/x/discord_api_types@0.37.17/payloads/v10/invite.ts": "6d52ec042c2485ef0a4765455d77344773d79a2e178f5075a06c0d22f2a837a3",
    "https://deno.land/x/discord_api_types@0.37.17/payloads/v10/mod.ts": "733090e3f67bb812dc0a3986d476e62483e88dfa0ce362d048a669b54b94c625",
    "https://deno.land/x/discord_api_types@0.37.17/payloads/v10/oauth2.ts": "ce8e81bf85cd9e8dfca47e1e5e36118bd5159dd9ad7e64fb895bcc25507d4a23",
    "https://deno.land/x/discord_api_types@0.37.17/payloads/v10/permissions.ts": "ba8ae17d3179c48d05eec00df3292300c6151955d3637e575a846bc059909b56",
    "https://deno.land/x/discord_api_types@0.37.17/payloads/v10/stageInstance.ts": "bf438822088d1cf6ee86a7811548a1403ad020bb68af1db3f2769f3259fb189c",
    "https://deno.land/x/discord_api_types@0.37.17/payloads/v10/sticker.ts": "943ded042bf68470d5e0d913ee09c2f51f0eee9c77e68cf54517c1ff3308d002",
    "https://deno.land/x/discord_api_types@0.37.17/payloads/v10/teams.ts": "b991091085456331b0f2586b630f6a99e59f613c74ad16f8521fe1f749205a16",
    "https://deno.land/x/discord_api_types@0.37.17/payloads/v10/template.ts": "d179e0741f463b6328ef7bd66ab6b71466f0c552ea0aa276c73fe087864c8e8e",
    "https://deno.land/x/discord_api_types@0.37.17/payloads/v10/user.ts": "e6ed405bff09cfbc0e69c5779ace6a31e2812853f9966f57df1bb91fe823f77b",
    "https://deno.land/x/discord_api_types@0.37.17/payloads/v10/voice.ts": "f06e63ce92a3f2168d002a3ea48c22923abde7367f6c176e69259cd5a318be67",
    "https://deno.land/x/discord_api_types@0.37.17/payloads/v10/webhook.ts": "b28b6e5077a24ce7c090ca8f97167f76a577c32bb720810a04118cc7cb7fe842",
    "https://deno.land/x/discord_api_types@0.37.17/rest/common.ts": "5ba1034eb2f25bd134015afe7b73c66c4fe79b242d4cab8268f21cadb08c4a2f",
    "https://deno.land/x/discord_api_types@0.37.17/rest/v10/auditLog.ts": "f511228f8fe0e328b6cfeb2b8d86ebe68ae4a4109f112e19fa8c82cbe8bcec31",
    "https://deno.land/x/discord_api_types@0.37.17/rest/v10/autoModeration.ts": "f674cacf9488d732241f7ea44948b98af26788b5ad9ffb75f903e3bf0da5e032",
    "https://deno.land/x/discord_api_types@0.37.17/rest/v10/channel.ts": "ae4dd2c570d476de4ac07b4b550bc006909c2012eac206ab607f0abe4abc19a6",
    "https://deno.land/x/discord_api_types@0.37.17/rest/v10/emoji.ts": "9d65888766d4af965a0dd38ce737dfb2ac51cd627ab34074192ccfc5d357b017",
    "https://deno.land/x/discord_api_types@0.37.17/rest/v10/gateway.ts": "747cb95c9a8bca4e52423c780d5fc492fb0dab2b6015cd7e51e890e8d51acf29",
    "https://deno.land/x/discord_api_types@0.37.17/rest/v10/guild.ts": "b30fe10d560e972e1ea192b1f87a1205598403409df65629d3aac798b2056f66",
    "https://deno.land/x/discord_api_types@0.37.17/rest/v10/guildScheduledEvent.ts": "46117d3a7c7a1ae6222f229f7aea55627cd010c47ccb3faca58b554a9a273c0d",
    "https://deno.land/x/discord_api_types@0.37.17/rest/v10/interactions.ts": "f18ae2130a58ddf15174fe095c972c21690d0d652286220c1818896741ed5e3c",
    "https://deno.land/x/discord_api_types@0.37.17/rest/v10/invite.ts": "28f8e740bdaa782c9d9d504049323762b5c1180348019dc5f9e0a900ec11213e",
    "https://deno.land/x/discord_api_types@0.37.17/rest/v10/mod.ts": "f133a8fa39a0cdd4f98242ee9c3a6b877e41392b557ef6c89c6a118863778898",
    "https://deno.land/x/discord_api_types@0.37.17/rest/v10/oauth2.ts": "b659a35654c17767480d142c46c36f5fe2544346875745e3f654c5e7c3d9f3f9",
    "https://deno.land/x/discord_api_types@0.37.17/rest/v10/stageInstance.ts": "08cdb9ed3fbd461d808ba44785e187decc2971346ae080996b7606e4981ff151",
    "https://deno.land/x/discord_api_types@0.37.17/rest/v10/sticker.ts": "223ffed9031d8298594de8b81607745a5cb86ef51c3566c6fd1eb80a24eb66ea",
    "https://deno.land/x/discord_api_types@0.37.17/rest/v10/template.ts": "aa03abe664c27bc24dabb04625059967931c2cd1837d2dbae7c1f4f17b9327fe",
    "https://deno.land/x/discord_api_types@0.37.17/rest/v10/user.ts": "2c2e38bbd884343721efbb0e7370dc547d6ee9e6c23b4d480341c487894ece2a",
    "https://deno.land/x/discord_api_types@0.37.17/rest/v10/voice.ts": "cdbe9d6c39c8f44635d8632bf62a95b8c15877b92c56ddf69df2072bb1a74edc",
    "https://deno.land/x/discord_api_types@0.37.17/rest/v10/webhook.ts": "b2a05a90b765ddf034345d0ff36a3ffcdf1dd372e781c8e1b47bba4b020934d4",
    "https://deno.land/x/discord_api_types@0.37.17/rpc/common.ts": "cfacc7fab245a5a7e641479be9fc213ae57ce4095a08122a82b3b227d907f4c2",
    "https://deno.land/x/discord_api_types@0.37.17/rpc/v10.ts": "fbaad9f3d73fce88e76b0e52ad5345093f18077e4293937c9ec0ee24415b9a93",
    "https://deno.land/x/discord_api_types@0.37.17/utils/internals.ts": "b853d4e7d2e3de3daab7ca7fa6b9a06af5b4e2f9e4783d9634a5bf3262d97994",
    "https://deno.land/x/discord_api_types@0.37.17/utils/v10.ts": "c731ae3a76e7bc62543f24e945420b1c1ff5870167e7990ffc134323cbfd73f2",
    "https://deno.land/x/discord_api_types@0.37.17/v10.ts": "f3f23492c59e77859aba5b34431edf3668c37f722d7f70c2e1ef7ba4bcda3010",
    "https://deno.land/x/discord_api_types@0.37.17/voice/v4.ts": "cdf7ad9fc71e8881d6c36e4418c23d3804c2e622ba067b97bc3e95a4d65770e4"
  }
}
