lockfileVersion: 5.4

specifiers:
  '@blurp/bun': workspace:^0.1.0
  '@blurp/common': workspace:^0.1.0
  bun-types: ^0.3.0
  discord-api-types: ^0.37.24

dependencies:
  '@blurp/bun': link:../../packages/bun
  '@blurp/common': link:../../packages/common
  discord-api-types: 0.37.24

devDependencies:
  bun-types: 0.3.0

packages:

  /bun-types/0.3.0:
    resolution: {integrity: sha512-cn9ApQi1nppfTzrpqRCVIkkSyrRmV/RUik9c4FBY0Fet9Jnl4ANcDW/z9m/pM/glC7b9e3WChEtAmo9etHpTbQ==}
    dev: true

  /discord-api-types/0.37.24:
    resolution: {integrity: sha512-1+Fb4huJCihdbkJLcq2p7nBmtlmAryNwjefT8wwJnL8c7bc7WA87Oaa5mbLe96QvZyfwnwRCDX40H0HhcVV50g==}
    dev: false
