lockfileVersion: 5.4

specifiers:
  '@blurp/common': workspace:^0.1.0
  bun-types: ^0.3.0
  discord-api-types: ^0.37.27

dependencies:
  '@blurp/common': link:../common
  discord-api-types: 0.37.27

devDependencies:
  bun-types: 0.3.0

packages:

  /bun-types/0.3.0:
    resolution: {integrity: sha512-cn9ApQi1nppfTzrpqRCVIkkSyrRmV/RUik9c4FBY0Fet9Jnl4ANcDW/z9m/pM/glC7b9e3WChEtAmo9etHpTbQ==}
    dev: true

  /discord-api-types/0.37.27:
    resolution: {integrity: sha512-rfB4zT9gkKgIfLOgXQZPUXaaKY9gwQhyhiir5TU/GN+38E39NNasRPYOcAeM4JPGAuDrHDvPtYiZGa0GfT60ww==}
    dev: false
